// !$*UTF8*$!
{
	archiveVersion = 1;
	classes = {
	};
	objectVersion = 46;
	objects = {

/* Begin PBXBuildFile section */
		A6083B501E51575B00BFD102 /* CustomBoxScoreView.swift in Sources */ = {isa = PBXBuildFile; fileRef = A6083B4F1E51575B00BFD102 /* CustomBoxScoreView.swift */; };
		A6083B521E5168B500BFD102 /* BoxScoreViewController.swift in Sources */ = {isa = PBXBuildFile; fileRef = A6083B511E5168B500BFD102 /* BoxScoreViewController.swift */; };
		A60CBB0C1E1E3194006100D2 /* StatTrackerViewController.swift in Sources */ = {isa = PBXBuildFile; fileRef = A60CBB0B1E1E3194006100D2 /* StatTrackerViewController.swift */; };
		A60CBB0E1E1F384D006100D2 /* Stats.swift in Sources */ = {isa = PBXBuildFile; fileRef = A60CBB0D1E1F384D006100D2 /* Stats.swift */; };
		A617C9091E0035410077805E /* AppDelegate.swift in Sources */ = {isa = PBXBuildFile; fileRef = A617C9081E0035410077805E /* AppDelegate.swift */; };
		A617C90B1E0035410077805E /* MainViewController.swift in Sources */ = {isa = PBXBuildFile; fileRef = A617C90A1E0035410077805E /* MainViewController.swift */; };
		A617C90E1E0035410077805E /* Main.storyboard in Resources */ = {isa = PBXBuildFile; fileRef = A617C90C1E0035410077805E /* Main.storyboard */; };
		A617C9111E0035410077805E /* StatTracker_Basketball.xcdatamodeld in Sources */ = {isa = PBXBuildFile; fileRef = A617C90F1E0035410077805E /* StatTracker_Basketball.xcdatamodeld */; };
		A617C9131E0035410077805E /* Assets.xcassets in Resources */ = {isa = PBXBuildFile; fileRef = A617C9121E0035410077805E /* Assets.xcassets */; };
		A617C9161E0035410077805E /* LaunchScreen.storyboard in Resources */ = {isa = PBXBuildFile; fileRef = A617C9141E0035410077805E /* LaunchScreen.storyboard */; };
		A617C91E1E003C6E0077805E /* TeamViewController.swift in Sources */ = {isa = PBXBuildFile; fileRef = A617C91D1E003C6E0077805E /* TeamViewController.swift */; };
		A66EB0791E3ED13800358A60 /* CustomBoxScoreCollectionViewCell.swift in Sources */ = {isa = PBXBuildFile; fileRef = A66EB0781E3ED13800358A60 /* CustomBoxScoreCollectionViewCell.swift */; };
		A67DA55E1E090FF500191A27 /* AddPlayerViewController.swift in Sources */ = {isa = PBXBuildFile; fileRef = A67DA55D1E090FF500191A27 /* AddPlayerViewController.swift */; };
		A68095291E497EDB00B78061 /* CustomSmallView.swift in Sources */ = {isa = PBXBuildFile; fileRef = A68095281E497EDB00B78061 /* CustomSmallView.swift */; };
		A680952E1E498A3900B78061 /* CustomTableView.swift in Sources */ = {isa = PBXBuildFile; fileRef = A680952D1E498A3900B78061 /* CustomTableView.swift */; };
		A68095301E49A45700B78061 /* CustomGameTableViewCell.swift in Sources */ = {isa = PBXBuildFile; fileRef = A680952F1E49A45700B78061 /* CustomGameTableViewCell.swift */; };
		A68095341E49B24500B78061 /* CustomPlayerTableViewCell.swift in Sources */ = {isa = PBXBuildFile; fileRef = A68095331E49B24500B78061 /* CustomPlayerTableViewCell.swift */; };
		A684E5381E4D56E60018AD84 /* CustomProgressButton.swift in Sources */ = {isa = PBXBuildFile; fileRef = A684E5371E4D56E60018AD84 /* CustomProgressButton.swift */; };
		A689B50C1E07CC5100EE1E75 /* GoogleService-Info.plist in Resources */ = {isa = PBXBuildFile; fileRef = A689B50B1E07CC5100EE1E75 /* GoogleService-Info.plist */; };
		A69C15391E4C012D0014D8A1 /* CustomStatBarLabel.swift in Sources */ = {isa = PBXBuildFile; fileRef = A69C15381E4C012D0014D8A1 /* CustomStatBarLabel.swift */; };
		A6A8313A1E3F054200A1DB60 /* CustomBoxScoreCollectionViewLayout.swift in Sources */ = {isa = PBXBuildFile; fileRef = A6A831391E3F054200A1DB60 /* CustomBoxScoreCollectionViewLayout.swift */; };
		A6AE59A51E4ACEA700B74A75 /* CustomStatBarView.swift in Sources */ = {isa = PBXBuildFile; fileRef = A6AE59A41E4ACEA700B74A75 /* CustomStatBarView.swift */; };
		A6BC03551E0124AF00CB843B /* AddTeamViewController.swift in Sources */ = {isa = PBXBuildFile; fileRef = A6BC03541E0124AF00CB843B /* AddTeamViewController.swift */; };
		A6BC03571E01366F00CB843B /* RosterViewController.swift in Sources */ = {isa = PBXBuildFile; fileRef = A6BC03561E01366F00CB843B /* RosterViewController.swift */; };
		A6C9A4771E17707B00057381 /* Team.swift in Sources */ = {isa = PBXBuildFile; fileRef = A6C9A4761E17707B00057381 /* Team.swift */; };
		A6C9A4791E1770D900057381 /* Player.swift in Sources */ = {isa = PBXBuildFile; fileRef = A6C9A4781E1770D900057381 /* Player.swift */; };
		A6C9A47B1E179BC400057381 /* Game.swift in Sources */ = {isa = PBXBuildFile; fileRef = A6C9A47A1E179BC400057381 /* Game.swift */; };
		A6C9A47D1E179C5700057381 /* GamesViewController.swift in Sources */ = {isa = PBXBuildFile; fileRef = A6C9A47C1E179C5700057381 /* GamesViewController.swift */; };
		A6C9A47F1E17A97900057381 /* AddGameViewController.swift in Sources */ = {isa = PBXBuildFile; fileRef = A6C9A47E1E17A97900057381 /* AddGameViewController.swift */; };
		A6E3E5211E442B9F0008565F /* CustomButton.swift in Sources */ = {isa = PBXBuildFile; fileRef = A6E3E5201E442B9F0008565F /* CustomButton.swift */; };
		A6E3E5291E448BD80008565F /* CustomView.swift in Sources */ = {isa = PBXBuildFile; fileRef = A6E3E5281E448BD80008565F /* CustomView.swift */; };
		B09A1348139010B8A6C53C4C /* Pods_StatTracker_Basketball.framework in Frameworks */ = {isa = PBXBuildFile; fileRef = 0563C83DB25A2EE67BCFEBCE /* Pods_StatTracker_Basketball.framework */; };
/* End PBXBuildFile section */

/* Begin PBXFileReference section */
		0563C83DB25A2EE67BCFEBCE /* Pods_StatTracker_Basketball.framework */ = {isa = PBXFileReference; explicitFileType = wrapper.framework; includeInIndex = 0; path = Pods_StatTracker_Basketball.framework; sourceTree = BUILT_PRODUCTS_DIR; };
		287A0FE79654E732982794B5 /* Pods-StatTracker-Basketball.debug.xcconfig */ = {isa = PBXFileReference; includeInIndex = 1; lastKnownFileType = text.xcconfig; name = "Pods-StatTracker-Basketball.debug.xcconfig"; path = "Pods/Target Support Files/Pods-StatTracker-Basketball/Pods-StatTracker-Basketball.debug.xcconfig"; sourceTree = "<group>"; };
		9D20947D506DF8FEF77D2F37 /* Pods-StatTracker-Basketball.release.xcconfig */ = {isa = PBXFileReference; includeInIndex = 1; lastKnownFileType = text.xcconfig; name = "Pods-StatTracker-Basketball.release.xcconfig"; path = "Pods/Target Support Files/Pods-StatTracker-Basketball/Pods-StatTracker-Basketball.release.xcconfig"; sourceTree = "<group>"; };
		A6083B4F1E51575B00BFD102 /* CustomBoxScoreView.swift */ = {isa = PBXFileReference; fileEncoding = 4; lastKnownFileType = sourcecode.swift; path = CustomBoxScoreView.swift; sourceTree = "<group>"; };
		A6083B511E5168B500BFD102 /* BoxScoreViewController.swift */ = {isa = PBXFileReference; fileEncoding = 4; lastKnownFileType = sourcecode.swift; path = BoxScoreViewController.swift; sourceTree = "<group>"; };
		A60CBB0B1E1E3194006100D2 /* StatTrackerViewController.swift */ = {isa = PBXFileReference; fileEncoding = 4; lastKnownFileType = sourcecode.swift; path = StatTrackerViewController.swift; sourceTree = "<group>"; };
		A60CBB0D1E1F384D006100D2 /* Stats.swift */ = {isa = PBXFileReference; fileEncoding = 4; lastKnownFileType = sourcecode.swift; path = Stats.swift; sourceTree = "<group>"; };
		A617C9051E0035410077805E /* StatTracker-Basketball.app */ = {isa = PBXFileReference; explicitFileType = wrapper.application; includeInIndex = 0; path = "StatTracker-Basketball.app"; sourceTree = BUILT_PRODUCTS_DIR; };
		A617C9081E0035410077805E /* AppDelegate.swift */ = {isa = PBXFileReference; lastKnownFileType = sourcecode.swift; path = AppDelegate.swift; sourceTree = "<group>"; };
		A617C90A1E0035410077805E /* MainViewController.swift */ = {isa = PBXFileReference; lastKnownFileType = sourcecode.swift; path = MainViewController.swift; sourceTree = "<group>"; };
		A617C90D1E0035410077805E /* Base */ = {isa = PBXFileReference; lastKnownFileType = file.storyboard; name = Base; path = Base.lproj/Main.storyboard; sourceTree = "<group>"; };
		A617C9101E0035410077805E /* StatTracker_Basketball.xcdatamodel */ = {isa = PBXFileReference; lastKnownFileType = wrapper.xcdatamodel; path = StatTracker_Basketball.xcdatamodel; sourceTree = "<group>"; };
		A617C9121E0035410077805E /* Assets.xcassets */ = {isa = PBXFileReference; lastKnownFileType = folder.assetcatalog; path = Assets.xcassets; sourceTree = "<group>"; };
		A617C9151E0035410077805E /* Base */ = {isa = PBXFileReference; lastKnownFileType = file.storyboard; name = Base; path = Base.lproj/LaunchScreen.storyboard; sourceTree = "<group>"; };
		A617C9171E0035410077805E /* Info.plist */ = {isa = PBXFileReference; lastKnownFileType = text.plist.xml; path = Info.plist; sourceTree = "<group>"; };
		A617C91D1E003C6E0077805E /* TeamViewController.swift */ = {isa = PBXFileReference; fileEncoding = 4; lastKnownFileType = sourcecode.swift; name = TeamViewController.swift; path = ../TeamViewController.swift; sourceTree = "<group>"; };
		A66EB0781E3ED13800358A60 /* CustomBoxScoreCollectionViewCell.swift */ = {isa = PBXFileReference; fileEncoding = 4; lastKnownFileType = sourcecode.swift; path = CustomBoxScoreCollectionViewCell.swift; sourceTree = "<group>"; };
		A67DA55D1E090FF500191A27 /* AddPlayerViewController.swift */ = {isa = PBXFileReference; fileEncoding = 4; lastKnownFileType = sourcecode.swift; path = AddPlayerViewController.swift; sourceTree = "<group>"; };
		A68095281E497EDB00B78061 /* CustomSmallView.swift */ = {isa = PBXFileReference; fileEncoding = 4; lastKnownFileType = sourcecode.swift; path = CustomSmallView.swift; sourceTree = "<group>"; };
		A680952D1E498A3900B78061 /* CustomTableView.swift */ = {isa = PBXFileReference; fileEncoding = 4; lastKnownFileType = sourcecode.swift; path = CustomTableView.swift; sourceTree = "<group>"; };
		A680952F1E49A45700B78061 /* CustomGameTableViewCell.swift */ = {isa = PBXFileReference; fileEncoding = 4; lastKnownFileType = sourcecode.swift; path = CustomGameTableViewCell.swift; sourceTree = "<group>"; };
		A68095331E49B24500B78061 /* CustomPlayerTableViewCell.swift */ = {isa = PBXFileReference; fileEncoding = 4; lastKnownFileType = sourcecode.swift; path = CustomPlayerTableViewCell.swift; sourceTree = "<group>"; };
		A684E5371E4D56E60018AD84 /* CustomProgressButton.swift */ = {isa = PBXFileReference; fileEncoding = 4; lastKnownFileType = sourcecode.swift; path = CustomProgressButton.swift; sourceTree = "<group>"; };
		A689B50B1E07CC5100EE1E75 /* GoogleService-Info.plist */ = {isa = PBXFileReference; fileEncoding = 4; lastKnownFileType = text.plist.xml; path = "GoogleService-Info.plist"; sourceTree = "<group>"; };
		A69C15381E4C012D0014D8A1 /* CustomStatBarLabel.swift */ = {isa = PBXFileReference; fileEncoding = 4; lastKnownFileType = sourcecode.swift; path = CustomStatBarLabel.swift; sourceTree = "<group>"; };
		A6A831391E3F054200A1DB60 /* CustomBoxScoreCollectionViewLayout.swift */ = {isa = PBXFileReference; fileEncoding = 4; lastKnownFileType = sourcecode.swift; path = CustomBoxScoreCollectionViewLayout.swift; sourceTree = "<group>"; };
		A6AE59A41E4ACEA700B74A75 /* CustomStatBarView.swift */ = {isa = PBXFileReference; fileEncoding = 4; lastKnownFileType = sourcecode.swift; path = CustomStatBarView.swift; sourceTree = "<group>"; };
		A6BC03541E0124AF00CB843B /* AddTeamViewController.swift */ = {isa = PBXFileReference; fileEncoding = 4; lastKnownFileType = sourcecode.swift; name = AddTeamViewController.swift; path = ../AddTeamViewController.swift; sourceTree = "<group>"; };
		A6BC03561E01366F00CB843B /* RosterViewController.swift */ = {isa = PBXFileReference; fileEncoding = 4; lastKnownFileType = sourcecode.swift; name = RosterViewController.swift; path = ../RosterViewController.swift; sourceTree = "<group>"; };
		A6C9A4761E17707B00057381 /* Team.swift */ = {isa = PBXFileReference; fileEncoding = 4; lastKnownFileType = sourcecode.swift; path = Team.swift; sourceTree = "<group>"; };
		A6C9A4781E1770D900057381 /* Player.swift */ = {isa = PBXFileReference; fileEncoding = 4; lastKnownFileType = sourcecode.swift; path = Player.swift; sourceTree = "<group>"; };
		A6C9A47A1E179BC400057381 /* Game.swift */ = {isa = PBXFileReference; fileEncoding = 4; lastKnownFileType = sourcecode.swift; path = Game.swift; sourceTree = "<group>"; };
		A6C9A47C1E179C5700057381 /* GamesViewController.swift */ = {isa = PBXFileReference; fileEncoding = 4; lastKnownFileType = sourcecode.swift; path = GamesViewController.swift; sourceTree = "<group>"; };
		A6C9A47E1E17A97900057381 /* AddGameViewController.swift */ = {isa = PBXFileReference; fileEncoding = 4; lastKnownFileType = sourcecode.swift; path = AddGameViewController.swift; sourceTree = "<group>"; };
		A6E3E5201E442B9F0008565F /* CustomButton.swift */ = {isa = PBXFileReference; fileEncoding = 4; lastKnownFileType = sourcecode.swift; path = CustomButton.swift; sourceTree = "<group>"; };
		A6E3E5281E448BD80008565F /* CustomView.swift */ = {isa = PBXFileReference; fileEncoding = 4; lastKnownFileType = sourcecode.swift; path = CustomView.swift; sourceTree = "<group>"; };
/* End PBXFileReference section */

/* Begin PBXFrameworksBuildPhase section */
		A617C9021E0035410077805E /* Frameworks */ = {
			isa = PBXFrameworksBuildPhase;
			buildActionMask = 2147483647;
			files = (
				B09A1348139010B8A6C53C4C /* Pods_StatTracker_Basketball.framework in Frameworks */,
			);
			runOnlyForDeploymentPostprocessing = 0;
		};
/* End PBXFrameworksBuildPhase section */

/* Begin PBXGroup section */
		37FA8D7B8DA722F7EE943092 /* Pods */ = {
			isa = PBXGroup;
			children = (
				287A0FE79654E732982794B5 /* Pods-StatTracker-Basketball.debug.xcconfig */,
				9D20947D506DF8FEF77D2F37 /* Pods-StatTracker-Basketball.release.xcconfig */,
			);
			name = Pods;
			sourceTree = "<group>";
		};
		93CB80DDA577A4D96CB4A636 /* Frameworks */ = {
			isa = PBXGroup;
			children = (
				0563C83DB25A2EE67BCFEBCE /* Pods_StatTracker_Basketball.framework */,
			);
			name = Frameworks;
			sourceTree = "<group>";
		};
		A617C8FC1E0035410077805E = {
			isa = PBXGroup;
			children = (
				A617C9071E0035410077805E /* StatTracker-Basketball */,
				A617C9061E0035410077805E /* Products */,
				37FA8D7B8DA722F7EE943092 /* Pods */,
				93CB80DDA577A4D96CB4A636 /* Frameworks */,
			);
			sourceTree = "<group>";
		};
		A617C9061E0035410077805E /* Products */ = {
			isa = PBXGroup;
			children = (
				A617C9051E0035410077805E /* StatTracker-Basketball.app */,
			);
			name = Products;
			sourceTree = "<group>";
		};
		A617C9071E0035410077805E /* StatTracker-Basketball */ = {
			isa = PBXGroup;
			children = (
				A66EB0771E3ED0EC00358A60 /* View */,
				A67DA5291E090D4500191A27 /* Model */,
				A67DA5121E090A5800191A27 /* Controller */,
				A617C9081E0035410077805E /* AppDelegate.swift */,
				A617C90C1E0035410077805E /* Main.storyboard */,
				A617C9121E0035410077805E /* Assets.xcassets */,
				A617C9141E0035410077805E /* LaunchScreen.storyboard */,
				A617C9171E0035410077805E /* Info.plist */,
				A617C90F1E0035410077805E /* StatTracker_Basketball.xcdatamodeld */,
				A689B50B1E07CC5100EE1E75 /* GoogleService-Info.plist */,
			);
			path = "StatTracker-Basketball";
			sourceTree = "<group>";
		};
		A66EB0771E3ED0EC00358A60 /* View */ = {
			isa = PBXGroup;
			children = (
				A6AE59A41E4ACEA700B74A75 /* CustomStatBarView.swift */,
				A69C15381E4C012D0014D8A1 /* CustomStatBarLabel.swift */,
				A6E3E5281E448BD80008565F /* CustomView.swift */,
				A68095281E497EDB00B78061 /* CustomSmallView.swift */,
				A680952A1E49848400B78061 /* Tableview View */,
				A6E3E51F1E4427EF0008565F /* Buttons View */,
				A6E3E51E1E4427340008565F /* Collections View */,
			);
			name = View;
			sourceTree = "<group>";
		};
		A67DA5121E090A5800191A27 /* Controller */ = {
			isa = PBXGroup;
			children = (
				A617C90A1E0035410077805E /* MainViewController.swift */,
				A617C91D1E003C6E0077805E /* TeamViewController.swift */,
				A6BC03541E0124AF00CB843B /* AddTeamViewController.swift */,
				A6BC03561E01366F00CB843B /* RosterViewController.swift */,
				A67DA55D1E090FF500191A27 /* AddPlayerViewController.swift */,
				A6C9A47C1E179C5700057381 /* GamesViewController.swift */,
				A6C9A47E1E17A97900057381 /* AddGameViewController.swift */,
				A60CBB0B1E1E3194006100D2 /* StatTrackerViewController.swift */,
				A6083B511E5168B500BFD102 /* BoxScoreViewController.swift */,
			);
			name = Controller;
			sourceTree = "<group>";
		};
		A67DA5291E090D4500191A27 /* Model */ = {
			isa = PBXGroup;
			children = (
				A6C9A4761E17707B00057381 /* Team.swift */,
				A6C9A4781E1770D900057381 /* Player.swift */,
				A6C9A47A1E179BC400057381 /* Game.swift */,
				A60CBB0D1E1F384D006100D2 /* Stats.swift */,
			);
			name = Model;
			sourceTree = "<group>";
		};
		A680952A1E49848400B78061 /* Tableview View */ = {
			isa = PBXGroup;
			children = (
				A680952D1E498A3900B78061 /* CustomTableView.swift */,
				A680952F1E49A45700B78061 /* CustomGameTableViewCell.swift */,
				A68095331E49B24500B78061 /* CustomPlayerTableViewCell.swift */,
			);
			name = "Tableview View";
			sourceTree = "<group>";
		};
		A6E3E51E1E4427340008565F /* Collections View */ = {
			isa = PBXGroup;
			children = (
				A66EB0781E3ED13800358A60 /* CustomBoxScoreCollectionViewCell.swift */,
				A6A831391E3F054200A1DB60 /* CustomBoxScoreCollectionViewLayout.swift */,
				A6083B4F1E51575B00BFD102 /* CustomBoxScoreView.swift */,
			);
			name = "Collections View";
			sourceTree = "<group>";
		};
		A6E3E51F1E4427EF0008565F /* Buttons View */ = {
			isa = PBXGroup;
			children = (
				A684E5371E4D56E60018AD84 /* CustomProgressButton.swift */,
				A6E3E5201E442B9F0008565F /* CustomButton.swift */,
			);
			name = "Buttons View";
			sourceTree = "<group>";
		};
/* End PBXGroup section */

/* Begin PBXNativeTarget section */
		A617C9041E0035410077805E /* StatTracker-Basketball */ = {
			isa = PBXNativeTarget;
			buildConfigurationList = A617C91A1E0035410077805E /* Build configuration list for PBXNativeTarget "StatTracker-Basketball" */;
			buildPhases = (
				F79B78DA080315E6A8D19282 /* [CP] Check Pods Manifest.lock */,
				A617C9011E0035410077805E /* Sources */,
				A617C9021E0035410077805E /* Frameworks */,
				A617C9031E0035410077805E /* Resources */,
				03787DF8007843D67BCEE543 /* [CP] Embed Pods Frameworks */,
				6013E6EC24758C5D696F5153 /* [CP] Copy Pods Resources */,
			);
			buildRules = (
			);
			dependencies = (
			);
			name = "StatTracker-Basketball";
			productName = "StatTracker-Basketball";
			productReference = A617C9051E0035410077805E /* StatTracker-Basketball.app */;
			productType = "com.apple.product-type.application";
		};
/* End PBXNativeTarget section */

/* Begin PBXProject section */
		A617C8FD1E0035410077805E /* Project object */ = {
			isa = PBXProject;
			attributes = {
				LastSwiftUpdateCheck = 0810;
				LastUpgradeCheck = 0810;
				ORGANIZATIONNAME = "Ray Paragas";
				TargetAttributes = {
					A617C9041E0035410077805E = {
						CreatedOnToolsVersion = 8.1;
						DevelopmentTeam = HKAVBPG58A;
						ProvisioningStyle = Automatic;
					};
				};
			};
			buildConfigurationList = A617C9001E0035410077805E /* Build configuration list for PBXProject "StatTracker-Basketball" */;
			compatibilityVersion = "Xcode 3.2";
			developmentRegion = English;
			hasScannedForEncodings = 0;
			knownRegions = (
				en,
				Base,
			);
			mainGroup = A617C8FC1E0035410077805E;
			productRefGroup = A617C9061E0035410077805E /* Products */;
			projectDirPath = "";
			projectRoot = "";
			targets = (
				A617C9041E0035410077805E /* StatTracker-Basketball */,
			);
		};
/* End PBXProject section */

/* Begin PBXResourcesBuildPhase section */
		A617C9031E0035410077805E /* Resources */ = {
			isa = PBXResourcesBuildPhase;
			buildActionMask = 2147483647;
			files = (
				A689B50C1E07CC5100EE1E75 /* GoogleService-Info.plist in Resources */,
				A617C9161E0035410077805E /* LaunchScreen.storyboard in Resources */,
				A617C9131E0035410077805E /* Assets.xcassets in Resources */,
				A617C90E1E0035410077805E /* Main.storyboard in Resources */,
			);
			runOnlyForDeploymentPostprocessing = 0;
		};
/* End PBXResourcesBuildPhase section */

/* Begin PBXShellScriptBuildPhase section */
		03787DF8007843D67BCEE543 /* [CP] Embed Pods Frameworks */ = {
			isa = PBXShellScriptBuildPhase;
			buildActionMask = 2147483647;
			files = (
			);
			inputPaths = (
			);
			name = "[CP] Embed Pods Frameworks";
			outputPaths = (
			);
			runOnlyForDeploymentPostprocessing = 0;
			shellPath = /bin/sh;
			shellScript = "\"${SRCROOT}/Pods/Target Support Files/Pods-StatTracker-Basketball/Pods-StatTracker-Basketball-frameworks.sh\"\n";
			showEnvVarsInLog = 0;
		};
		6013E6EC24758C5D696F5153 /* [CP] Copy Pods Resources */ = {
			isa = PBXShellScriptBuildPhase;
			buildActionMask = 2147483647;
			files = (
			);
			inputPaths = (
			);
			name = "[CP] Copy Pods Resources";
			outputPaths = (
			);
			runOnlyForDeploymentPostprocessing = 0;
			shellPath = /bin/sh;
			shellScript = "\"${SRCROOT}/Pods/Target Support Files/Pods-StatTracker-Basketball/Pods-StatTracker-Basketball-resources.sh\"\n";
			showEnvVarsInLog = 0;
		};
		F79B78DA080315E6A8D19282 /* [CP] Check Pods Manifest.lock */ = {
			isa = PBXShellScriptBuildPhase;
			buildActionMask = 2147483647;
			files = (
			);
			inputPaths = (
			);
			name = "[CP] Check Pods Manifest.lock";
			outputPaths = (
			);
			runOnlyForDeploymentPostprocessing = 0;
			shellPath = /bin/sh;
			shellScript = "diff \"${PODS_ROOT}/../Podfile.lock\" \"${PODS_ROOT}/Manifest.lock\" > /dev/null\nif [ $? != 0 ] ; then\n    # print error to STDERR\n    echo \"error: The sandbox is not in sync with the Podfile.lock. Run 'pod install' or update your CocoaPods installation.\" >&2\n    exit 1\nfi\n";
			showEnvVarsInLog = 0;
		};
/* End PBXShellScriptBuildPhase section */

/* Begin PBXSourcesBuildPhase section */
		A617C9011E0035410077805E /* Sources */ = {
			isa = PBXSourcesBuildPhase;
			buildActionMask = 2147483647;
			files = (
				A6083B501E51575B00BFD102 /* CustomBoxScoreView.swift in Sources */,
				A6BC03551E0124AF00CB843B /* AddTeamViewController.swift in Sources */,
				A69C15391E4C012D0014D8A1 /* CustomStatBarLabel.swift in Sources */,
				A6A8313A1E3F054200A1DB60 /* CustomBoxScoreCollectionViewLayout.swift in Sources */,
				A6E3E5211E442B9F0008565F /* CustomButton.swift in Sources */,
				A6C9A47B1E179BC400057381 /* Game.swift in Sources */,
				A617C9111E0035410077805E /* StatTracker_Basketball.xcdatamodeld in Sources */,
				A617C91E1E003C6E0077805E /* TeamViewController.swift in Sources */,
				A680952E1E498A3900B78061 /* CustomTableView.swift in Sources */,
				A68095301E49A45700B78061 /* CustomGameTableViewCell.swift in Sources */,
				A6AE59A51E4ACEA700B74A75 /* CustomStatBarView.swift in Sources */,
				A6E3E5291E448BD80008565F /* CustomView.swift in Sources */,
				A66EB0791E3ED13800358A60 /* CustomBoxScoreCollectionViewCell.swift in Sources */,
				A684E5381E4D56E60018AD84 /* CustomProgressButton.swift in Sources */,
				A617C90B1E0035410077805E /* MainViewController.swift in Sources */,
				A6C9A4771E17707B00057381 /* Team.swift in Sources */,
				A617C9091E0035410077805E /* AppDelegate.swift in Sources */,
				A6C9A47D1E179C5700057381 /* GamesViewController.swift in Sources */,
				A60CBB0E1E1F384D006100D2 /* Stats.swift in Sources */,
				A6C9A47F1E17A97900057381 /* AddGameViewController.swift in Sources */,
				A60CBB0C1E1E3194006100D2 /* StatTrackerViewController.swift in Sources */,
				A68095341E49B24500B78061 /* CustomPlayerTableViewCell.swift in Sources */,
				A6083B521E5168B500BFD102 /* BoxScoreViewController.swift in Sources */,
				A67DA55E1E090FF500191A27 /* AddPlayerViewController.swift in Sources */,
				A6C9A4791E1770D900057381 /* Player.swift in Sources */,
				A6BC03571E01366F00CB843B /* RosterViewController.swift in Sources */,
				A68095291E497EDB00B78061 /* CustomSmallView.swift in Sources */,
			);
			runOnlyForDeploymentPostprocessing = 0;
		};
/* End PBXSourcesBuildPhase section */

/* Begin PBXVariantGroup section */
		A617C90C1E0035410077805E /* Main.storyboard */ = {
			isa = PBXVariantGroup;
			children = (
				A617C90D1E0035410077805E /* Base */,
			);
			name = Main.storyboard;
			sourceTree = "<group>";
		};
		A617C9141E0035410077805E /* LaunchScreen.storyboard */ = {
			isa = PBXVariantGroup;
			children = (
				A617C9151E0035410077805E /* Base */,
			);
			name = LaunchScreen.storyboard;
			sourceTree = "<group>";
		};
/* End PBXVariantGroup section */

/* Begin XCBuildConfiguration section */
		A617C9181E0035410077805E /* Debug */ = {
			isa = XCBuildConfiguration;
			buildSettings = {
				ALWAYS_SEARCH_USER_PATHS = NO;
				CLANG_ANALYZER_NONNULL = YES;
				CLANG_CXX_LANGUAGE_STANDARD = "gnu++0x";
				CLANG_CXX_LIBRARY = "libc++";
				CLANG_ENABLE_MODULES = YES;
				CLANG_ENABLE_OBJC_ARC = YES;
				CLANG_WARN_BOOL_CONVERSION = YES;
				CLANG_WARN_CONSTANT_CONVERSION = YES;
				CLANG_WARN_DIRECT_OBJC_ISA_USAGE = YES_ERROR;
				CLANG_WARN_DOCUMENTATION_COMMENTS = YES;
				CLANG_WARN_EMPTY_BODY = YES;
				CLANG_WARN_ENUM_CONVERSION = YES;
				CLANG_WARN_INFINITE_RECURSION = YES;
				CLANG_WARN_INT_CONVERSION = YES;
				CLANG_WARN_OBJC_ROOT_CLASS = YES_ERROR;
				CLANG_WARN_SUSPICIOUS_MOVES = YES;
				CLANG_WARN_UNREACHABLE_CODE = YES;
				CLANG_WARN__DUPLICATE_METHOD_MATCH = YES;
				"CODE_SIGN_IDENTITY[sdk=iphoneos*]" = "iPhone Developer";
				COPY_PHASE_STRIP = NO;
				DEBUG_INFORMATION_FORMAT = dwarf;
				ENABLE_STRICT_OBJC_MSGSEND = YES;
				ENABLE_TESTABILITY = YES;
				GCC_C_LANGUAGE_STANDARD = gnu99;
				GCC_DYNAMIC_NO_PIC = NO;
				GCC_NO_COMMON_BLOCKS = YES;
				GCC_OPTIMIZATION_LEVEL = 0;
				GCC_PREPROCESSOR_DEFINITIONS = (
					"DEBUG=1",
					"$(inherited)",
				);
				GCC_WARN_64_TO_32_BIT_CONVERSION = YES;
				GCC_WARN_ABOUT_RETURN_TYPE = YES_ERROR;
				GCC_WARN_UNDECLARED_SELECTOR = YES;
				GCC_WARN_UNINITIALIZED_AUTOS = YES_AGGRESSIVE;
				GCC_WARN_UNUSED_FUNCTION = YES;
				GCC_WARN_UNUSED_VARIABLE = YES;
				IPHONEOS_DEPLOYMENT_TARGET = 10.1;
				MTL_ENABLE_DEBUG_INFO = YES;
				ONLY_ACTIVE_ARCH = YES;
				SDKROOT = iphoneos;
				SWIFT_ACTIVE_COMPILATION_CONDITIONS = DEBUG;
				SWIFT_OPTIMIZATION_LEVEL = "-Onone";
				TARGETED_DEVICE_FAMILY = 2;
			};
			name = Debug;
		};
		A617C9191E0035410077805E /* Release */ = {
			isa = XCBuildConfiguration;
			buildSettings = {
				ALWAYS_SEARCH_USER_PATHS = NO;
				CLANG_ANALYZER_NONNULL = YES;
				CLANG_CXX_LANGUAGE_STANDARD = "gnu++0x";
				CLANG_CXX_LIBRARY = "libc++";
				CLANG_ENABLE_MODULES = YES;
				CLANG_ENABLE_OBJC_ARC = YES;
				CLANG_WARN_BOOL_CONVERSION = YES;
				CLANG_WARN_CONSTANT_CONVERSION = YES;
				CLANG_WARN_DIRECT_OBJC_ISA_USAGE = YES_ERROR;
				CLANG_WARN_DOCUMENTATION_COMMENTS = YES;
				CLANG_WARN_EMPTY_BODY = YES;
				CLANG_WARN_ENUM_CONVERSION = YES;
				CLANG_WARN_INFINITE_RECURSION = YES;
				CLANG_WARN_INT_CONVERSION = YES;
				CLANG_WARN_OBJC_ROOT_CLASS = YES_ERROR;
				CLANG_WARN_SUSPICIOUS_MOVES = YES;
				CLANG_WARN_UNREACHABLE_CODE = YES;
				CLANG_WARN__DUPLICATE_METHOD_MATCH = YES;
				"CODE_SIGN_IDENTITY[sdk=iphoneos*]" = "iPhone Developer";
				COPY_PHASE_STRIP = NO;
				DEBUG_INFORMATION_FORMAT = "dwarf-with-dsym";
				ENABLE_NS_ASSERTIONS = NO;
				ENABLE_STRICT_OBJC_MSGSEND = YES;
				GCC_C_LANGUAGE_STANDARD = gnu99;
				GCC_NO_COMMON_BLOCKS = YES;
				GCC_WARN_64_TO_32_BIT_CONVERSION = YES;
				GCC_WARN_ABOUT_RETURN_TYPE = YES_ERROR;
				GCC_WARN_UNDECLARED_SELECTOR = YES;
				GCC_WARN_UNINITIALIZED_AUTOS = YES_AGGRESSIVE;
				GCC_WARN_UNUSED_FUNCTION = YES;
				GCC_WARN_UNUSED_VARIABLE = YES;
				IPHONEOS_DEPLOYMENT_TARGET = 10.1;
				MTL_ENABLE_DEBUG_INFO = NO;
				SDKROOT = iphoneos;
				SWIFT_OPTIMIZATION_LEVEL = "-Owholemodule";
				TARGETED_DEVICE_FAMILY = 2;
				VALIDATE_PRODUCT = YES;
			};
			name = Release;
		};
		A617C91B1E0035410077805E /* Debug */ = {
			isa = XCBuildConfiguration;
			baseConfigurationReference = 287A0FE79654E732982794B5 /* Pods-StatTracker-Basketball.debug.xcconfig */;
			buildSettings = {
				ASSETCATALOG_COMPILER_APPICON_NAME = AppIcon;
				DEVELOPMENT_TEAM = HKAVBPG58A;
				INFOPLIST_FILE = "StatTracker-Basketball/Info.plist";
				LD_RUNPATH_SEARCH_PATHS = "$(inherited) @executable_path/Frameworks";
				PRODUCT_BUNDLE_IDENTIFIER = "com.ray.StatTracker-Basketball";
				PRODUCT_NAME = "$(TARGET_NAME)";
				SWIFT_VERSION = 3.0;
			};
			name = Debug;
		};
		A617C91C1E0035410077805E /* Release */ = {
			isa = XCBuildConfiguration;
			baseConfigurationReference = 9D20947D506DF8FEF77D2F37 /* Pods-StatTracker-Basketball.release.xcconfig */;
			buildSettings = {
				ASSETCATALOG_COMPILER_APPICON_NAME = AppIcon;
				DEVELOPMENT_TEAM = HKAVBPG58A;
				INFOPLIST_FILE = "StatTracker-Basketball/Info.plist";
				LD_RUNPATH_SEARCH_PATHS = "$(inherited) @executable_path/Frameworks";
				PRODUCT_BUNDLE_IDENTIFIER = "com.ray.StatTracker-Basketball";
				PRODUCT_NAME = "$(TARGET_NAME)";
				SWIFT_VERSION = 3.0;
			};
			name = Release;
		};
/* End XCBuildConfiguration section */

/* Begin XCConfigurationList section */
		A617C9001E0035410077805E /* Build configuration list for PBXProject "StatTracker-Basketball" */ = {
			isa = XCConfigurationList;
			buildConfigurations = (
				A617C9181E0035410077805E /* Debug */,
				A617C9191E0035410077805E /* Release */,
			);
			defaultConfigurationIsVisible = 0;
			defaultConfigurationName = Release;
		};
		A617C91A1E0035410077805E /* Build configuration list for PBXNativeTarget "StatTracker-Basketball" */ = {
			isa = XCConfigurationList;
			buildConfigurations = (
				A617C91B1E0035410077805E /* Debug */,
				A617C91C1E0035410077805E /* Release */,
			);
			defaultConfigurationIsVisible = 0;
			defaultConfigurationName = Release;
		};
/* End XCConfigurationList section */

/* Begin XCVersionGroup section */
		A617C90F1E0035410077805E /* StatTracker_Basketball.xcdatamodeld */ = {
			isa = XCVersionGroup;
			children = (
				A617C9101E0035410077805E /* StatTracker_Basketball.xcdatamodel */,
			);
			currentVersion = A617C9101E0035410077805E /* StatTracker_Basketball.xcdatamodel */;
			path = StatTracker_Basketball.xcdatamodeld;
			sourceTree = "<group>";
			versionGroupType = wrapper.xcdatamodel;
		};
/* End XCVersionGroup section */
	};
	rootObject = A617C8FD1E0035410077805E /* Project object */;
}
